
Microsoft Visual Studio Solution File, Format Version 12.00
# Visual Studio Version 17
VisualStudioVersion = 17.1.32210.238
MinimumVisualStudioVersion = 10.0.40219.1
Project("{FAE04EC0-301F-11D3-BF4B-00C04F79EFBC}") = "2014113026", "2014113026.csproj", "{A4EF0848-6C8B-4CC4-BDB3-1919F4A77BC5}"
EndProject
Global
	GlobalSection(SolutionConfigurationPlatforms) = preSolution
		Debug|Any CPU = Debug|Any CPU
		Release|Any CPU = Release|Any CPU
	EndGlobalSection
	GlobalSection(ProjectConfigurationPlatforms) = postSolution
		{A4EF0848-6C8B-4CC4-BDB3-1919F4A77BC5}.Debug|Any CPU.ActiveCfg = Debug|Any CPU
		{A4EF0848-6C8B-4CC4-BDB3-1919F4A77BC5}.Debug|Any CPU.Build.0 = Debug|Any CPU
		{A4EF0848-6C8B-4CC4-BDB3-1919F4A77BC5}.Release|Any CPU.ActiveCfg = Release|Any CPU
		{A4EF0848-6C8B-4CC4-BDB3-1919F4A77BC5}.Release|Any CPU.Build.0 = Release|Any CPU
	EndGlobalSection
	GlobalSection(SolutionProperties) = preSolution
		HideSolutionNode = FALSE
	EndGlobalSection
	GlobalSection(ExtensibilityGlobals) = postSolution
		SolutionGuid = {D53D4EC0-AF95-42DE-BE98-CAD9BA79F374}
	EndGlobalSection
EndGlobal
